
Microsoft Visual Studio Solution File, Format Version 12.00
# Visual Studio 15
VisualStudioVersion = 15.0.28307.329
MinimumVisualStudioVersion = 10.0.40219.1
Project("{FAE04EC0-301F-11D3-BF4B-00C04F79EFBC}") = "Macierze", "Macierze\Macierze.csproj", "{70CF68F2-FAC7-412E-A677-68DFDB07D96E}"
EndProject
Global
	GlobalSection(SolutionConfigurationPlatforms) = preSolution
		Debug|Any CPU = Debug|Any CPU
		Release|Any CPU = Release|Any CPU
	EndGlobalSection
	GlobalSection(ProjectConfigurationPlatforms) = postSolution
		{70CF68F2-FAC7-412E-A677-68DFDB07D96E}.Debug|Any CPU.ActiveCfg = Debug|Any CPU
		{70CF68F2-FAC7-412E-A677-68DFDB07D96E}.Debug|Any CPU.Build.0 = Debug|Any CPU
		{70CF68F2-FAC7-412E-A677-68DFDB07D96E}.Release|Any CPU.ActiveCfg = Release|Any CPU
		{70CF68F2-FAC7-412E-A677-68DFDB07D96E}.Release|Any CPU.Build.0 = Release|Any CPU
	EndGlobalSection
	GlobalSection(SolutionProperties) = preSolution
		HideSolutionNode = FALSE
	EndGlobalSection
	GlobalSection(ExtensibilityGlobals) = postSolution
		SolutionGuid = {FEFD72DB-EE83-423E-BF76-307F31EBA31E}
	EndGlobalSection
EndGlobal
